// !$*UTF8*$!
{
	archiveVersion = 1;
	classes = {
	};
	objectVersion = 50;
	objects = {

/* Begin PBXBuildFile section */
		57E0DA1126B210E500C8C529 /* AppDelegate.swift in Sources */ = {isa = PBXBuildFile; fileRef = 57E0DA1026B210E500C8C529 /* AppDelegate.swift */; };
		57E0DA1326B210E500C8C529 /* SceneDelegate.swift in Sources */ = {isa = PBXBuildFile; fileRef = 57E0DA1226B210E500C8C529 /* SceneDelegate.swift */; };
		57E0DA1526B210E500C8C529 /* ViewController.swift in Sources */ = {isa = PBXBuildFile; fileRef = 57E0DA1426B210E500C8C529 /* ViewController.swift */; };
		57E0DA1826B210E500C8C529 /* Main.storyboard in Resources */ = {isa = PBXBuildFile; fileRef = 57E0DA1626B210E500C8C529 /* Main.storyboard */; };
		57E0DA1A26B210E700C8C529 /* Assets.xcassets in Resources */ = {isa = PBXBuildFile; fileRef = 57E0DA1926B210E700C8C529 /* Assets.xcassets */; };
		57E0DA1D26B210E700C8C529 /* LaunchScreen.storyboard in Resources */ = {isa = PBXBuildFile; fileRef = 57E0DA1B26B210E700C8C529 /* LaunchScreen.storyboard */; };
/* End PBXBuildFile section */

/* Begin PBXFileReference section */
		57E0DA0D26B210E500C8C529 /* RenderUIViewToUIImage.app */ = {isa = PBXFileReference; explicitFileType = wrapper.application; includeInIndex = 0; path = RenderUIViewToUIImage.app; sourceTree = BUILT_PRODUCTS_DIR; };
		57E0DA1026B210E500C8C529 /* AppDelegate.swift */ = {isa = PBXFileReference; lastKnownFileType = sourcecode.swift; path = AppDelegate.swift; sourceTree = "<group>"; };
		57E0DA1226B210E500C8C529 /* SceneDelegate.swift */ = {isa = PBXFileReference; lastKnownFileType = sourcecode.swift; path = SceneDelegate.swift; sourceTree = "<group>"; };
		57E0DA1426B210E500C8C529 /* ViewController.swift */ = {isa = PBXFileReference; lastKnownFileType = sourcecode.swift; path = ViewController.swift; sourceTree = "<group>"; };
		57E0DA1726B210E500C8C529 /* Base */ = {isa = PBXFileReference; lastKnownFileType = file.storyboard; name = Base; path = Base.lproj/Main.storyboard; sourceTree = "<group>"; };
		57E0DA1926B210E700C8C529 /* Assets.xcassets */ = {isa = PBXFileReference; lastKnownFileType = folder.assetcatalog; path = Assets.xcassets; sourceTree = "<group>"; };
		57E0DA1C26B210E700C8C529 /* Base */ = {isa = PBXFileReference; lastKnownFileType = file.storyboard; name = Base; path = Base.lproj/LaunchScreen.storyboard; sourceTree = "<group>"; };
		57E0DA1E26B210E700C8C529 /* Info.plist */ = {isa = PBXFileReference; lastKnownFileType = text.plist.xml; path = Info.plist; sourceTree = "<group>"; };
/* End PBXFileReference section */

/* Begin PBXFrameworksBuildPhase section */
		57E0DA0A26B210E500C8C529 /* Frameworks */ = {
			isa = PBXFrameworksBuildPhase;
			buildActionMask = 2147483647;
			files = (
			);
			runOnlyForDeploymentPostprocessing = 0;
		};
/* End PBXFrameworksBuildPhase section */

/* Begin PBXGroup section */
		57E0DA0426B210E500C8C529 = {
			isa = PBXGroup;
			children = (
				57E0DA0F26B210E500C8C529 /* RenderUIViewToUIImage */,
				57E0DA0E26B210E500C8C529 /* Products */,
			);
			sourceTree = "<group>";
		};
		57E0DA0E26B210E500C8C529 /* Products */ = {
			isa = PBXGroup;
			children = (
				57E0DA0D26B210E500C8C529 /* RenderUIViewToUIImage.app */,
			);
			name = Products;
			sourceTree = "<group>";
		};
		57E0DA0F26B210E500C8C529 /* RenderUIViewToUIImage */ = {
			isa = PBXGroup;
			children = (
				57E0DA1026B210E500C8C529 /* AppDelegate.swift */,
				57E0DA1226B210E500C8C529 /* SceneDelegate.swift */,
				57E0DA1426B210E500C8C529 /* ViewController.swift */,
				57E0DA1626B210E500C8C529 /* Main.storyboard */,
				57E0DA1926B210E700C8C529 /* Assets.xcassets */,
				57E0DA1B26B210E700C8C529 /* LaunchScreen.storyboard */,
				57E0DA1E26B210E700C8C529 /* Info.plist */,
			);
			path = RenderUIViewToUIImage;
			sourceTree = "<group>";
		};
/* End PBXGroup section */

/* Begin PBXNativeTarget section */
		57E0DA0C26B210E500C8C529 /* RenderUIViewToUIImage */ = {
			isa = PBXNativeTarget;
			buildConfigurationList = 57E0DA2126B210E700C8C529 /* Build configuration list for PBXNativeTarget "RenderUIViewToUIImage" */;
			buildPhases = (
				57E0DA0926B210E500C8C529 /* Sources */,
				57E0DA0A26B210E500C8C529 /* Frameworks */,
				57E0DA0B26B210E500C8C529 /* Resources */,
			);
			buildRules = (
			);
			dependencies = (
			);
			name = RenderUIViewToUIImage;
			productName = RenderUIViewToUIImage;
			productReference = 57E0DA0D26B210E500C8C529 /* RenderUIViewToUIImage.app */;
			productType = "com.apple.product-type.application";
		};
/* End PBXNativeTarget section */

/* Begin PBXProject section */
		57E0DA0526B210E500C8C529 /* Project object */ = {
			isa = PBXProject;
			attributes = {
				LastSwiftUpdateCheck = 1250;
				LastUpgradeCheck = 1250;
				TargetAttributes = {
					57E0DA0C26B210E500C8C529 = {
						CreatedOnToolsVersion = 12.5;
					};
				};
			};
			buildConfigurationList = 57E0DA0826B210E500C8C529 /* Build configuration list for PBXProject "RenderUIViewToUIImage" */;
			compatibilityVersion = "Xcode 9.3";
			developmentRegion = en;
			hasScannedForEncodings = 0;
			knownRegions = (
				en,
				Base,
			);
			mainGroup = 57E0DA0426B210E500C8C529;
			productRefGroup = 57E0DA0E26B210E500C8C529 /* Products */;
			projectDirPath = "";
			projectRoot = "";
			targets = (
				57E0DA0C26B210E500C8C529 /* RenderUIViewToUIImage */,
			);
		};
/* End PBXProject section */

/* Begin PBXResourcesBuildPhase section */
		57E0DA0B26B210E500C8C529 /* Resources */ = {
			isa = PBXResourcesBuildPhase;
			buildActionMask = 2147483647;
			files = (
				57E0DA1D26B210E700C8C529 /* LaunchScreen.storyboard in Resources */,
				57E0DA1A26B210E700C8C529 /* Assets.xcassets in Resources */,
				57E0DA1826B210E500C8C529 /* Main.storyboard in Resources */,
			);
			runOnlyForDeploymentPostprocessing = 0;
		};
/* End PBXResourcesBuildPhase section */

/* Begin PBXSourcesBuildPhase section */
		57E0DA0926B210E500C8C529 /* Sources */ = {
			isa = PBXSourcesBuildPhase;
			buildActionMask = 2147483647;
			files = (
				57E0DA1526B210E500C8C529 /* ViewController.swift in Sources */,
				57E0DA1126B210E500C8C529 /* AppDelegate.swift in Sources */,
				57E0DA1326B210E500C8C529 /* SceneDelegate.swift in Sources */,
			);
			runOnlyForDeploymentPostprocessing = 0;
		};
/* End PBXSourcesBuildPhase section */

/* Begin PBXVariantGroup section */
		57E0DA1626B210E500C8C529 /* Main.storyboard */ = {
			isa = PBXVariantGroup;
			children = (
				57E0DA1726B210E500C8C529 /* Base */,
			);
			name = Main.storyboard;
			sourceTree = "<group>";
		};
		57E0DA1B26B210E700C8C529 /* LaunchScreen.storyboard */ = {
			isa = PBXVariantGroup;
			children = (
				57E0DA1C26B210E700C8C529 /* Base */,
			);
			name = LaunchScreen.storyboard;
			sourceTree = "<group>";
		};
/* End PBXVariantGroup section */

/* Begin XCBuildConfiguration section */
		57E0DA1F26B210E700C8C529 /* Debug */ = {
			isa = XCBuildConfiguration;
			buildSettings = {
				ALWAYS_SEARCH_USER_PATHS = NO;
				CLANG_ANALYZER_NONNULL = YES;
				CLANG_ANALYZER_NUMBER_OBJECT_CONVERSION = YES_AGGRESSIVE;
				CLANG_CXX_LANGUAGE_STANDARD = "gnu++14";
				CLANG_CXX_LIBRARY = "libc++";
				CLANG_ENABLE_MODULES = YES;
				CLANG_ENABLE_OBJC_ARC = YES;
				CLANG_ENABLE_OBJC_WEAK = YES;
				CLANG_WARN_BLOCK_CAPTURE_AUTORELEASING = YES;
				CLANG_WARN_BOOL_CONVERSION = YES;
				CLANG_WARN_COMMA = YES;
				CLANG_WARN_CONSTANT_CONVERSION = YES;
				CLANG_WARN_DEPRECATED_OBJC_IMPLEMENTATIONS = YES;
				CLANG_WARN_DIRECT_OBJC_ISA_USAGE = YES_ERROR;
				CLANG_WARN_DOCUMENTATION_COMMENTS = YES;
				CLANG_WARN_EMPTY_BODY = YES;
				CLANG_WARN_ENUM_CONVERSION = YES;
				CLANG_WARN_INFINITE_RECURSION = YES;
				CLANG_WARN_INT_CONVERSION = YES;
				CLANG_WARN_NON_LITERAL_NULL_CONVERSION = YES;
				CLANG_WARN_OBJC_IMPLICIT_RETAIN_SELF = YES;
				CLANG_WARN_OBJC_LITERAL_CONVERSION = YES;
				CLANG_WARN_OBJC_ROOT_CLASS = YES_ERROR;
				CLANG_WARN_QUOTED_INCLUDE_IN_FRAMEWORK_HEADER = YES;
				CLANG_WARN_RANGE_LOOP_ANALYSIS = YES;
				CLANG_WARN_STRICT_PROTOTYPES = YES;
				CLANG_WARN_SUSPICIOUS_MOVE = YES;
				CLANG_WARN_UNGUARDED_AVAILABILITY = YES_AGGRESSIVE;
				CLANG_WARN_UNREACHABLE_CODE = YES;
				CLANG_WARN__DUPLICATE_METHOD_MATCH = YES;
				COPY_PHASE_STRIP = NO;
				DEBUG_INFORMATION_FORMAT = dwarf;
				ENABLE_STRICT_OBJC_MSGSEND = YES;
				ENABLE_TESTABILITY = YES;
				GCC_C_LANGUAGE_STANDARD = gnu11;
				GCC_DYNAMIC_NO_PIC = NO;
				GCC_NO_COMMON_BLOCKS = YES;
				GCC_OPTIMIZATION_LEVEL = 0;
				GCC_PREPROCESSOR_DEFINITIONS = (
					"DEBUG=1",
					"$(inherited)",
				);
				GCC_WARN_64_TO_32_BIT_CONVERSION = YES;
				GCC_WARN_ABOUT_RETURN_TYPE = YES_ERROR;
				GCC_WARN_UNDECLARED_SELECTOR = YES;
				GCC_WARN_UNINITIALIZED_AUTOS = YES_AGGRESSIVE;
				GCC_WARN_UNUSED_FUNCTION = YES;
				GCC_WARN_UNUSED_VARIABLE = YES;
				IPHONEOS_DEPLOYMENT_TARGET = 14.5;
				MTL_ENABLE_DEBUG_INFO = INCLUDE_SOURCE;
				MTL_FAST_MATH = YES;
				ONLY_ACTIVE_ARCH = YES;
				SDKROOT = iphoneos;
				SWIFT_ACTIVE_COMPILATION_CONDITIONS = DEBUG;
				SWIFT_OPTIMIZATION_LEVEL = "-Onone";
			};
			name = Debug;
		};
		57E0DA2026B210E700C8C529 /* Release */ = {
			isa = XCBuildConfiguration;
			buildSettings = {
				ALWAYS_SEARCH_USER_PATHS = NO;
				CLANG_ANALYZER_NONNULL = YES;
				CLANG_ANALYZER_NUMBER_OBJECT_CONVERSION = YES_AGGRESSIVE;
				CLANG_CXX_LANGUAGE_STANDARD = "gnu++14";
				CLANG_CXX_LIBRARY = "libc++";
				CLANG_ENABLE_MODULES = YES;
				CLANG_ENABLE_OBJC_ARC = YES;
				CLANG_ENABLE_OBJC_WEAK = YES;
				CLANG_WARN_BLOCK_CAPTURE_AUTORELEASING = YES;
				CLANG_WARN_BOOL_CONVERSION = YES;
				CLANG_WARN_COMMA = YES;
				CLANG_WARN_CONSTANT_CONVERSION = YES;
				CLANG_WARN_DEPRECATED_OBJC_IMPLEMENTATIONS = YES;
				CLANG_WARN_DIRECT_OBJC_ISA_USAGE = YES_ERROR;
				CLANG_WARN_DOCUMENTATION_COMMENTS = YES;
				CLANG_WARN_EMPTY_BODY = YES;
				CLANG_WARN_ENUM_CONVERSION = YES;
				CLANG_WARN_INFINITE_RECURSION = YES;
				CLANG_WARN_INT_CONVERSION = YES;
				CLANG_WARN_NON_LITERAL_NULL_CONVERSION = YES;
				CLANG_WARN_OBJC_IMPLICIT_RETAIN_SELF = YES;
				CLANG_WARN_OBJC_LITERAL_CONVERSION = YES;
				CLANG_WARN_OBJC_ROOT_CLASS = YES_ERROR;
				CLANG_WARN_QUOTED_INCLUDE_IN_FRAMEWORK_HEADER = YES;
				CLANG_WARN_RANGE_LOOP_ANALYSIS = YES;
				CLANG_WARN_STRICT_PROTOTYPES = YES;
				CLANG_WARN_SUSPICIOUS_MOVE = YES;
				CLANG_WARN_UNGUARDED_AVAILABILITY = YES_AGGRESSIVE;
				CLANG_WARN_UNREACHABLE_CODE = YES;
				CLANG_WARN__DUPLICATE_METHOD_MATCH = YES;
				COPY_PHASE_STRIP = NO;
				DEBUG_INFORMATION_FORMAT = "dwarf-with-dsym";
				ENABLE_NS_ASSERTIONS = NO;
				ENABLE_STRICT_OBJC_MSGSEND = YES;
				GCC_C_LANGUAGE_STANDARD = gnu11;
				GCC_NO_COMMON_BLOCKS = YES;
				GCC_WARN_64_TO_32_BIT_CONVERSION = YES;
				GCC_WARN_ABOUT_RETURN_TYPE = YES_ERROR;
				GCC_WARN_UNDECLARED_SELECTOR = YES;
				GCC_WARN_UNINITIALIZED_AUTOS = YES_AGGRESSIVE;
				GCC_WARN_UNUSED_FUNCTION = YES;
				GCC_WARN_UNUSED_VARIABLE = YES;
				IPHONEOS_DEPLOYMENT_TARGET = 14.5;
				MTL_ENABLE_DEBUG_INFO = NO;
				MTL_FAST_MATH = YES;
				SDKROOT = iphoneos;
				SWIFT_COMPILATION_MODE = wholemodule;
				SWIFT_OPTIMIZATION_LEVEL = "-O";
				VALIDATE_PRODUCT = YES;
			};
			name = Release;
		};
		57E0DA2226B210E700C8C529 /* Debug */ = {
			isa = XCBuildConfiguration;
			buildSettings = {
				ASSETCATALOG_COMPILER_APPICON_NAME = AppIcon;
				ASSETCATALOG_COMPILER_GLOBAL_ACCENT_COLOR_NAME = AccentColor;
				CODE_SIGN_STYLE = Automatic;
				DEVELOPMENT_TEAM = 2J6CG5FNCX;
				INFOPLIST_FILE = RenderUIViewToUIImage/Info.plist;
				LD_RUNPATH_SEARCH_PATHS = (
					"$(inherited)",
					"@executable_path/Frameworks",
				);
				PRODUCT_BUNDLE_IDENTIFIER = dev.alexpaul.RenderUIViewToUIImage;
				PRODUCT_NAME = "$(TARGET_NAME)";
				SWIFT_VERSION = 5.0;
				TARGETED_DEVICE_FAMILY = "1,2";
			};
			name = Debug;
		};
		57E0DA2326B210E700C8C529 /* Release */ = {
			isa = XCBuildConfiguration;
			buildSettings = {
				ASSETCATALOG_COMPILER_APPICON_NAME = AppIcon;
				ASSETCATALOG_COMPILER_GLOBAL_ACCENT_COLOR_NAME = AccentColor;
				CODE_SIGN_STYLE = Automatic;
				DEVELOPMENT_TEAM = 2J6CG5FNCX;
				INFOPLIST_FILE = RenderUIViewToUIImage/Info.plist;
				LD_RUNPATH_SEARCH_PATHS = (
					"$(inherited)",
					"@executable_path/Frameworks",
				);
				PRODUCT_BUNDLE_IDENTIFIER = dev.alexpaul.RenderUIViewToUIImage;
				PRODUCT_NAME = "$(TARGET_NAME)";
				SWIFT_VERSION = 5.0;
				TARGETED_DEVICE_FAMILY = "1,2";
			};
			name = Release;
		};
/* End XCBuildConfiguration section */

/* Begin XCConfigurationList section */
		57E0DA0826B210E500C8C529 /* Build configuration list for PBXProject "RenderUIViewToUIImage" */ = {
			isa = XCConfigurationList;
			buildConfigurations = (
				57E0DA1F26B210E700C8C529 /* Debug */,
				57E0DA2026B210E700C8C529 /* Release */,
			);
			defaultConfigurationIsVisible = 0;
			defaultConfigurationName = Release;
		};
		57E0DA2126B210E700C8C529 /* Build configuration list for PBXNativeTarget "RenderUIViewToUIImage" */ = {
			isa = XCConfigurationList;
			buildConfigurations = (
				57E0DA2226B210E700C8C529 /* Debug */,
				57E0DA2326B210E700C8C529 /* Release */,
			);
			defaultConfigurationIsVisible = 0;
			defaultConfigurationName = Release;
		};
/* End XCConfigurationList section */
	};
	rootObject = 57E0DA0526B210E500C8C529 /* Project object */;
}
